
Microsoft Visual Studio Solution File, Format Version 12.00
# Visual Studio Version 17
VisualStudioVersion = 17.6.33712.159
MinimumVisualStudioVersion = 10.0.40219.1
Project("{FAE04EC0-301F-11D3-BF4B-00C04F79EFBC}") = "Chernovik_3", "Chernovik_3.csproj", "{3ABC7AA6-251F-465F-8EE2-A0001219E2FD}"
EndProject
Global
	GlobalSection(SolutionConfigurationPlatforms) = preSolution
		Debug|Any CPU = Debug|Any CPU
		Release|Any CPU = Release|Any CPU
	EndGlobalSection
	GlobalSection(ProjectConfigurationPlatforms) = postSolution
		{3ABC7AA6-251F-465F-8EE2-A0001219E2FD}.Debug|Any CPU.ActiveCfg = Debug|Any CPU
		{3ABC7AA6-251F-465F-8EE2-A0001219E2FD}.Debug|Any CPU.Build.0 = Debug|Any CPU
		{3ABC7AA6-251F-465F-8EE2-A0001219E2FD}.Release|Any CPU.ActiveCfg = Release|Any CPU
		{3ABC7AA6-251F-465F-8EE2-A0001219E2FD}.Release|Any CPU.Build.0 = Release|Any CPU
	EndGlobalSection
	GlobalSection(SolutionProperties) = preSolution
		HideSolutionNode = FALSE
	EndGlobalSection
	GlobalSection(ExtensibilityGlobals) = postSolution
		SolutionGuid = {EBB125B0-FB7E-49C0-9E49-0B5B75535730}
	EndGlobalSection
EndGlobal
